
Microsoft Visual Studio Solution File, Format Version 12.00
# Visual Studio 15
VisualStudioVersion = 15.0.27130.2036
MinimumVisualStudioVersion = 10.0.40219.1
Project("{FAE04EC0-301F-11D3-BF4B-00C04F79EFBC}") = "DAX.CIM.PhysicalNetworkModel", "DAX.CIM.PhysicalNetworkModel\DAX.CIM.PhysicalNetworkModel.csproj", "{F8349941-A0F6-4D91-8DFE-998E778B1AEE}"
EndProject
Project("{FAE04EC0-301F-11D3-BF4B-00C04F79EFBC}") = "DAX.CIM.PhysicalNetworkModel.Traversal", "DAX.CIM.PhysicalNetworkModel.Traversal\DAX.CIM.PhysicalNetworkModel.Traversal.csproj", "{2FE2E018-B583-4561-A141-44A71FEFB352}"
EndProject
Project("{FAE04EC0-301F-11D3-BF4B-00C04F79EFBC}") = "DAX.CIM.PhysicalNetworkModel.Tests", "DAX.CIM.PhysicalNetworkModel.Tests\DAX.CIM.PhysicalNetworkModel.Tests.csproj", "{A242B8BA-6333-49A0-BE02-234552340591}"
EndProject
Project("{FAE04EC0-301F-11D3-BF4B-00C04F79EFBC}") = "DAX.CIM.PhysicalNetworkModel.FeederInfo", "DAX.CIM.PhysicalNetworkModel.FeederInfo\DAX.CIM.PhysicalNetworkModel.FeederInfo.csproj", "{B4A7035D-F1CC-40C7-A429-1138EC234B2F}"
EndProject
Project("{FAE04EC0-301F-11D3-BF4B-00C04F79EFBC}") = "DAX.CIM.PhysicalNetworkModel.LineInfo", "DAX.CIM.PhysicalNetworkModel.LineInfo\DAX.CIM.PhysicalNetworkModel.LineInfo.csproj", "{DF457603-7CBD-45B8-BE11-F1D52F43CEDC}"
EndProject
Project("{FAE04EC0-301F-11D3-BF4B-00C04F79EFBC}") = "DAX.CIM.PhysicalNetworkModel.LineInfo.Tests", "DAX.CIM.PhysicalNetworkModel.LineInfo.Tests\DAX.CIM.PhysicalNetworkModel.LineInfo.Tests.csproj", "{8B6377B1-19D6-49C3-A267-5DD77CE00B07}"
EndProject
Project("{2150E333-8FDC-42A3-9474-1A3956D46DE8}") = "Solution Items", "Solution Items", "{A8FC100F-EAC2-41ED-8939-F417AE0EC0D0}"
	ProjectSection(SolutionItems) = preProject
		scripts\build.cmd = scripts\build.cmd
		DAX.CIM.PhysicalNetworkModel.nuspec = DAX.CIM.PhysicalNetworkModel.nuspec
		scripts\package.cmd = scripts\package.cmd
	EndProjectSection
EndProject
Global
	GlobalSection(SolutionConfigurationPlatforms) = preSolution
		Debug|Any CPU = Debug|Any CPU
		Release|Any CPU = Release|Any CPU
	EndGlobalSection
	GlobalSection(ProjectConfigurationPlatforms) = postSolution
		{F8349941-A0F6-4D91-8DFE-998E778B1AEE}.Debug|Any CPU.ActiveCfg = Debug|Any CPU
		{F8349941-A0F6-4D91-8DFE-998E778B1AEE}.Debug|Any CPU.Build.0 = Debug|Any CPU
		{F8349941-A0F6-4D91-8DFE-998E778B1AEE}.Release|Any CPU.ActiveCfg = Release|Any CPU
		{F8349941-A0F6-4D91-8DFE-998E778B1AEE}.Release|Any CPU.Build.0 = Release|Any CPU
		{2FE2E018-B583-4561-A141-44A71FEFB352}.Debug|Any CPU.ActiveCfg = Debug|Any CPU
		{2FE2E018-B583-4561-A141-44A71FEFB352}.Debug|Any CPU.Build.0 = Debug|Any CPU
		{2FE2E018-B583-4561-A141-44A71FEFB352}.Release|Any CPU.ActiveCfg = Release|Any CPU
		{2FE2E018-B583-4561-A141-44A71FEFB352}.Release|Any CPU.Build.0 = Release|Any CPU
		{A242B8BA-6333-49A0-BE02-234552340591}.Debug|Any CPU.ActiveCfg = Debug|Any CPU
		{A242B8BA-6333-49A0-BE02-234552340591}.Debug|Any CPU.Build.0 = Debug|Any CPU
		{A242B8BA-6333-49A0-BE02-234552340591}.Release|Any CPU.ActiveCfg = Release|Any CPU
		{B4A7035D-F1CC-40C7-A429-1138EC234B2F}.Debug|Any CPU.ActiveCfg = Debug|Any CPU
		{B4A7035D-F1CC-40C7-A429-1138EC234B2F}.Debug|Any CPU.Build.0 = Debug|Any CPU
		{B4A7035D-F1CC-40C7-A429-1138EC234B2F}.Release|Any CPU.ActiveCfg = Release|Any CPU
		{B4A7035D-F1CC-40C7-A429-1138EC234B2F}.Release|Any CPU.Build.0 = Release|Any CPU
		{DF457603-7CBD-45B8-BE11-F1D52F43CEDC}.Debug|Any CPU.ActiveCfg = Debug|Any CPU
		{DF457603-7CBD-45B8-BE11-F1D52F43CEDC}.Debug|Any CPU.Build.0 = Debug|Any CPU
		{DF457603-7CBD-45B8-BE11-F1D52F43CEDC}.Release|Any CPU.ActiveCfg = Release|Any CPU
		{DF457603-7CBD-45B8-BE11-F1D52F43CEDC}.Release|Any CPU.Build.0 = Release|Any CPU
		{8B6377B1-19D6-49C3-A267-5DD77CE00B07}.Debug|Any CPU.ActiveCfg = Debug|Any CPU
		{8B6377B1-19D6-49C3-A267-5DD77CE00B07}.Debug|Any CPU.Build.0 = Debug|Any CPU
		{8B6377B1-19D6-49C3-A267-5DD77CE00B07}.Release|Any CPU.ActiveCfg = Release|Any CPU
	EndGlobalSection
	GlobalSection(SolutionProperties) = preSolution
		HideSolutionNode = FALSE
	EndGlobalSection
	GlobalSection(ExtensibilityGlobals) = postSolution
		SolutionGuid = {115F9192-7482-4034-AA2C-20E1C61F9438}
	EndGlobalSection
EndGlobal
