
Microsoft Visual Studio Solution File, Format Version 12.00
# Visual Studio 15
VisualStudioVersion = 15.0.26127.0
MinimumVisualStudioVersion = 10.0.40219.1
Project("{FAE04EC0-301F-11D3-BF4B-00C04F79EFBC}") = "DAX.CIM.PhysicalNetworkModel", "DAX.CIM.PhysicalNetworkModel\DAX.CIM.PhysicalNetworkModel.csproj", "{F8349941-A0F6-4D91-8DFE-998E778B1AEE}"
EndProject
Project("{FAE04EC0-301F-11D3-BF4B-00C04F79EFBC}") = "DAX.CIM.PhysicalNetworkModel.Tests", "DAX.CIM.PhysicalNetworkModel.Tests\DAX.CIM.PhysicalNetworkModel.Tests.csproj", "{B06D86A9-A39D-4A24-9A65-2E8EE10C4055}"
EndProject
Project("{FAE04EC0-301F-11D3-BF4B-00C04F79EFBC}") = "DAX.CIM.PhysicalNetworkModel.Traversal", "DAX.CIM.PhysicalNetworkModel.Traversal\DAX.CIM.PhysicalNetworkModel.Traversal.csproj", "{2FE2E018-B583-4561-A141-44A71FEFB352}"
EndProject
Global
	GlobalSection(SolutionConfigurationPlatforms) = preSolution
		Debug|Any CPU = Debug|Any CPU
		Release|Any CPU = Release|Any CPU
	EndGlobalSection
	GlobalSection(ProjectConfigurationPlatforms) = postSolution
		{F8349941-A0F6-4D91-8DFE-998E778B1AEE}.Debug|Any CPU.ActiveCfg = Debug|Any CPU
		{F8349941-A0F6-4D91-8DFE-998E778B1AEE}.Debug|Any CPU.Build.0 = Debug|Any CPU
		{F8349941-A0F6-4D91-8DFE-998E778B1AEE}.Release|Any CPU.ActiveCfg = Release|Any CPU
		{F8349941-A0F6-4D91-8DFE-998E778B1AEE}.Release|Any CPU.Build.0 = Release|Any CPU
		{B06D86A9-A39D-4A24-9A65-2E8EE10C4055}.Debug|Any CPU.ActiveCfg = Debug|Any CPU
		{B06D86A9-A39D-4A24-9A65-2E8EE10C4055}.Debug|Any CPU.Build.0 = Debug|Any CPU
		{B06D86A9-A39D-4A24-9A65-2E8EE10C4055}.Release|Any CPU.ActiveCfg = Release|Any CPU
		{B06D86A9-A39D-4A24-9A65-2E8EE10C4055}.Release|Any CPU.Build.0 = Release|Any CPU
		{2FE2E018-B583-4561-A141-44A71FEFB352}.Debug|Any CPU.ActiveCfg = Debug|Any CPU
		{2FE2E018-B583-4561-A141-44A71FEFB352}.Debug|Any CPU.Build.0 = Debug|Any CPU
		{2FE2E018-B583-4561-A141-44A71FEFB352}.Release|Any CPU.ActiveCfg = Release|Any CPU
		{2FE2E018-B583-4561-A141-44A71FEFB352}.Release|Any CPU.Build.0 = Release|Any CPU
	EndGlobalSection
	GlobalSection(SolutionProperties) = preSolution
		HideSolutionNode = FALSE
	EndGlobalSection
EndGlobal
